
Microsoft Visual Studio Solution File, Format Version 12.00
# Visual Studio 15
Project("{FAE04EC0-301F-11D3-BF4B-00C04F79EFBC}") = "chair-telemetry-visualiser", "Assembly-CSharp.csproj", "{0C54316D-0DCB-ED28-8954-43798A749879}"
EndProject
Global
	GlobalSection(SolutionConfigurationPlatforms) = preSolution
		Debug|Any CPU = Debug|Any CPU
		Release|Any CPU = Release|Any CPU
	EndGlobalSection
	GlobalSection(ProjectConfigurationPlatforms) = postSolution
		{0C54316D-0DCB-ED28-8954-43798A749879}.Debug|Any CPU.ActiveCfg = Debug|Any CPU
		{0C54316D-0DCB-ED28-8954-43798A749879}.Debug|Any CPU.Build.0 = Debug|Any CPU
		{0C54316D-0DCB-ED28-8954-43798A749879}.Release|Any CPU.ActiveCfg = Release|Any CPU
		{0C54316D-0DCB-ED28-8954-43798A749879}.Release|Any CPU.Build.0 = Release|Any CPU
	EndGlobalSection
	GlobalSection(SolutionProperties) = preSolution
		HideSolutionNode = FALSE
	EndGlobalSection
EndGlobal
